
Microsoft Visual Studio Solution File, Format Version 12.00
# Visual Studio Version 16
VisualStudioVersion = 16.0.30225.117
MinimumVisualStudioVersion = 10.0.40219.1
Project("{FAE04EC0-301F-11D3-BF4B-00C04F79EFBC}") = "DIskTest", "DIskTest\DIskTest.csproj", "{841D29DB-F3B3-41EB-B26E-E3620C07885A}"
EndProject
Global
	GlobalSection(SolutionConfigurationPlatforms) = preSolution
		Debug|Any CPU = Debug|Any CPU
		Release|Any CPU = Release|Any CPU
	EndGlobalSection
	GlobalSection(ProjectConfigurationPlatforms) = postSolution
		{841D29DB-F3B3-41EB-B26E-E3620C07885A}.Debug|Any CPU.ActiveCfg = Debug|Any CPU
		{841D29DB-F3B3-41EB-B26E-E3620C07885A}.Debug|Any CPU.Build.0 = Debug|Any CPU
		{841D29DB-F3B3-41EB-B26E-E3620C07885A}.Release|Any CPU.ActiveCfg = Release|Any CPU
		{841D29DB-F3B3-41EB-B26E-E3620C07885A}.Release|Any CPU.Build.0 = Release|Any CPU
	EndGlobalSection
	GlobalSection(SolutionProperties) = preSolution
		HideSolutionNode = FALSE
	EndGlobalSection
	GlobalSection(ExtensibilityGlobals) = postSolution
		SolutionGuid = {67EF49BB-C6D1-4776-B7CD-5C8BDADFE46C}
	EndGlobalSection
EndGlobal
